
Microsoft Visual Studio Solution File, Format Version 12.00
# Visual Studio 15
VisualStudioVersion = 15.0.27703.2042
MinimumVisualStudioVersion = 10.0.40219.1
Project("{FAE04EC0-301F-11D3-BF4B-00C04F79EFBC}") = "UnitTestingIocDependencyInjection", "UnitTestingIocDependencyInjection\UnitTestingIocDependencyInjection.csproj", "{9DC07FA8-9B29-47A5-9422-2B77D8FD4603}"
EndProject
Project("{FAE04EC0-301F-11D3-BF4B-00C04F79EFBC}") = "UnitTestingIocDependencyInjection.Tests", "UnitTestingIocDependencyInjection.Tests\UnitTestingIocDependencyInjection.Tests.csproj", "{6D860609-0F91-49C4-8389-F76B7EA18221}"
EndProject
Project("{FAE04EC0-301F-11D3-BF4B-00C04F79EFBC}") = "UnitTestingIocDependencyInjection.Business", "UnitTestingIocDependencyInjection.Business\UnitTestingIocDependencyInjection.Business.csproj", "{6C78252B-91E5-45AC-8DFE-0D2E66E08AC4}"
EndProject
Project("{FAE04EC0-301F-11D3-BF4B-00C04F79EFBC}") = "UnitTestingIocDependencyInjection.Data", "UnitTestingIocDependencyInjection.Data\UnitTestingIocDependencyInjection.Data.csproj", "{9C753A4E-1106-49DF-A3E0-E739B37538E2}"
EndProject
Project("{2150E333-8FDC-42A3-9474-1A3956D46DE8}") = "UnitTesting", "UnitTesting", "{98FD8D69-0752-4CE4-B0EB-3AE5519E6661}"
EndProject
Project("{FAE04EC0-301F-11D3-BF4B-00C04F79EFBC}") = "UnitTestingIocDependencyInjection.Tests.Business", "UnitTestingIocDependencyInjection.Tests.Business\UnitTestingIocDependencyInjection.Tests.Business.csproj", "{04B4D24B-2EB4-4729-BCE6-B2D291054458}"
EndProject
Global
	GlobalSection(SolutionConfigurationPlatforms) = preSolution
		Debug|Any CPU = Debug|Any CPU
		Release|Any CPU = Release|Any CPU
	EndGlobalSection
	GlobalSection(ProjectConfigurationPlatforms) = postSolution
		{9DC07FA8-9B29-47A5-9422-2B77D8FD4603}.Debug|Any CPU.ActiveCfg = Debug|Any CPU
		{9DC07FA8-9B29-47A5-9422-2B77D8FD4603}.Debug|Any CPU.Build.0 = Debug|Any CPU
		{9DC07FA8-9B29-47A5-9422-2B77D8FD4603}.Release|Any CPU.ActiveCfg = Release|Any CPU
		{9DC07FA8-9B29-47A5-9422-2B77D8FD4603}.Release|Any CPU.Build.0 = Release|Any CPU
		{6D860609-0F91-49C4-8389-F76B7EA18221}.Debug|Any CPU.ActiveCfg = Debug|Any CPU
		{6D860609-0F91-49C4-8389-F76B7EA18221}.Debug|Any CPU.Build.0 = Debug|Any CPU
		{6D860609-0F91-49C4-8389-F76B7EA18221}.Release|Any CPU.ActiveCfg = Release|Any CPU
		{6D860609-0F91-49C4-8389-F76B7EA18221}.Release|Any CPU.Build.0 = Release|Any CPU
		{6C78252B-91E5-45AC-8DFE-0D2E66E08AC4}.Debug|Any CPU.ActiveCfg = Debug|Any CPU
		{6C78252B-91E5-45AC-8DFE-0D2E66E08AC4}.Debug|Any CPU.Build.0 = Debug|Any CPU
		{6C78252B-91E5-45AC-8DFE-0D2E66E08AC4}.Release|Any CPU.ActiveCfg = Release|Any CPU
		{6C78252B-91E5-45AC-8DFE-0D2E66E08AC4}.Release|Any CPU.Build.0 = Release|Any CPU
		{9C753A4E-1106-49DF-A3E0-E739B37538E2}.Debug|Any CPU.ActiveCfg = Debug|Any CPU
		{9C753A4E-1106-49DF-A3E0-E739B37538E2}.Debug|Any CPU.Build.0 = Debug|Any CPU
		{9C753A4E-1106-49DF-A3E0-E739B37538E2}.Release|Any CPU.ActiveCfg = Release|Any CPU
		{9C753A4E-1106-49DF-A3E0-E739B37538E2}.Release|Any CPU.Build.0 = Release|Any CPU
		{04B4D24B-2EB4-4729-BCE6-B2D291054458}.Debug|Any CPU.ActiveCfg = Debug|Any CPU
		{04B4D24B-2EB4-4729-BCE6-B2D291054458}.Debug|Any CPU.Build.0 = Debug|Any CPU
		{04B4D24B-2EB4-4729-BCE6-B2D291054458}.Release|Any CPU.ActiveCfg = Release|Any CPU
		{04B4D24B-2EB4-4729-BCE6-B2D291054458}.Release|Any CPU.Build.0 = Release|Any CPU
	EndGlobalSection
	GlobalSection(SolutionProperties) = preSolution
		HideSolutionNode = FALSE
	EndGlobalSection
	GlobalSection(NestedProjects) = preSolution
		{6D860609-0F91-49C4-8389-F76B7EA18221} = {98FD8D69-0752-4CE4-B0EB-3AE5519E6661}
		{04B4D24B-2EB4-4729-BCE6-B2D291054458} = {98FD8D69-0752-4CE4-B0EB-3AE5519E6661}
	EndGlobalSection
	GlobalSection(ExtensibilityGlobals) = postSolution
		SolutionGuid = {2F9F7A58-47D5-4B12-B8F4-A40C3F208217}
	EndGlobalSection
EndGlobal
